// !$*UTF8*$!
{
	archiveVersion = 1;
	classes = {
	};
	objectVersion = 50;
	objects = {

/* Begin PBXBuildFile section */
		479029F120EAB347005D4F23 /* AppDelegate.swift in Sources */ = {isa = PBXBuildFile; fileRef = 479029F020EAB347005D4F23 /* AppDelegate.swift */; };
		479029F320EAB347005D4F23 /* CategoryVC.swift in Sources */ = {isa = PBXBuildFile; fileRef = 479029F220EAB347005D4F23 /* CategoryVC.swift */; };
		479029F620EAB347005D4F23 /* Main.storyboard in Resources */ = {isa = PBXBuildFile; fileRef = 479029F420EAB347005D4F23 /* Main.storyboard */; };
		479029F820EAB34A005D4F23 /* Assets.xcassets in Resources */ = {isa = PBXBuildFile; fileRef = 479029F720EAB34A005D4F23 /* Assets.xcassets */; };
		479029FB20EAB34A005D4F23 /* LaunchScreen.storyboard in Resources */ = {isa = PBXBuildFile; fileRef = 479029F920EAB34A005D4F23 /* LaunchScreen.storyboard */; };
		47902A0620EAC6EE005D4F23 /* CategoriyCell.swift in Sources */ = {isa = PBXBuildFile; fileRef = 47902A0520EAC6EE005D4F23 /* CategoriyCell.swift */; };
		47902A0820EB9E47005D4F23 /* Category.swift in Sources */ = {isa = PBXBuildFile; fileRef = 47902A0720EB9E47005D4F23 /* Category.swift */; };
		47902A0B20EBA68B005D4F23 /* Dataservice.swift in Sources */ = {isa = PBXBuildFile; fileRef = 47902A0A20EBA68B005D4F23 /* Dataservice.swift */; };
		47902A0D20EC1511005D4F23 /* ProductsCell.swift in Sources */ = {isa = PBXBuildFile; fileRef = 47902A0C20EC1511005D4F23 /* ProductsCell.swift */; };
		47902A1220EC2C0F005D4F23 /* Product.swift in Sources */ = {isa = PBXBuildFile; fileRef = 47902A1120EC2C0F005D4F23 /* Product.swift */; };
		47902A1420EC360D005D4F23 /* ProductsVC.swift in Sources */ = {isa = PBXBuildFile; fileRef = 47902A1320EC360D005D4F23 /* ProductsVC.swift */; };
/* End PBXBuildFile section */

/* Begin PBXFileReference section */
		479029ED20EAB347005D4F23 /* codeswague.app */ = {isa = PBXFileReference; explicitFileType = wrapper.application; includeInIndex = 0; path = codeswague.app; sourceTree = BUILT_PRODUCTS_DIR; };
		479029F020EAB347005D4F23 /* AppDelegate.swift */ = {isa = PBXFileReference; lastKnownFileType = sourcecode.swift; path = AppDelegate.swift; sourceTree = "<group>"; };
		479029F220EAB347005D4F23 /* CategoryVC.swift */ = {isa = PBXFileReference; lastKnownFileType = sourcecode.swift; path = CategoryVC.swift; sourceTree = "<group>"; };
		479029F520EAB347005D4F23 /* Base */ = {isa = PBXFileReference; lastKnownFileType = file.storyboard; name = Base; path = Base.lproj/Main.storyboard; sourceTree = "<group>"; };
		479029F720EAB34A005D4F23 /* Assets.xcassets */ = {isa = PBXFileReference; lastKnownFileType = folder.assetcatalog; path = Assets.xcassets; sourceTree = "<group>"; };
		479029FA20EAB34A005D4F23 /* Base */ = {isa = PBXFileReference; lastKnownFileType = file.storyboard; name = Base; path = Base.lproj/LaunchScreen.storyboard; sourceTree = "<group>"; };
		479029FC20EAB34A005D4F23 /* Info.plist */ = {isa = PBXFileReference; lastKnownFileType = text.plist.xml; path = Info.plist; sourceTree = "<group>"; };
		47902A0520EAC6EE005D4F23 /* CategoriyCell.swift */ = {isa = PBXFileReference; lastKnownFileType = sourcecode.swift; path = CategoriyCell.swift; sourceTree = "<group>"; };
		47902A0720EB9E47005D4F23 /* Category.swift */ = {isa = PBXFileReference; lastKnownFileType = sourcecode.swift; path = Category.swift; sourceTree = "<group>"; };
		47902A0A20EBA68B005D4F23 /* Dataservice.swift */ = {isa = PBXFileReference; lastKnownFileType = sourcecode.swift; path = Dataservice.swift; sourceTree = "<group>"; };
		47902A0C20EC1511005D4F23 /* ProductsCell.swift */ = {isa = PBXFileReference; lastKnownFileType = sourcecode.swift; path = ProductsCell.swift; sourceTree = "<group>"; };
		47902A1120EC2C0F005D4F23 /* Product.swift */ = {isa = PBXFileReference; lastKnownFileType = sourcecode.swift; path = Product.swift; sourceTree = "<group>"; };
		47902A1320EC360D005D4F23 /* ProductsVC.swift */ = {isa = PBXFileReference; lastKnownFileType = sourcecode.swift; path = ProductsVC.swift; sourceTree = "<group>"; };
/* End PBXFileReference section */

/* Begin PBXFrameworksBuildPhase section */
		479029EA20EAB347005D4F23 /* Frameworks */ = {
			isa = PBXFrameworksBuildPhase;
			buildActionMask = 2147483647;
			files = (
			);
			runOnlyForDeploymentPostprocessing = 0;
		};
/* End PBXFrameworksBuildPhase section */

/* Begin PBXGroup section */
		479029E420EAB347005D4F23 = {
			isa = PBXGroup;
			children = (
				479029EF20EAB347005D4F23 /* codeswague */,
				479029EE20EAB347005D4F23 /* Products */,
			);
			sourceTree = "<group>";
		};
		479029EE20EAB347005D4F23 /* Products */ = {
			isa = PBXGroup;
			children = (
				479029ED20EAB347005D4F23 /* codeswague.app */,
			);
			name = Products;
			sourceTree = "<group>";
		};
		479029EF20EAB347005D4F23 /* codeswague */ = {
			isa = PBXGroup;
			children = (
				47902A0920EBA679005D4F23 /* Services */,
				47902A0420EAC5DE005D4F23 /* Views */,
				47902A0320EAC5CB005D4F23 /* Model */,
				47902A0220EAC5B1005D4F23 /*  Controller */,
				479029F020EAB347005D4F23 /* AppDelegate.swift */,
				479029F420EAB347005D4F23 /* Main.storyboard */,
				479029F720EAB34A005D4F23 /* Assets.xcassets */,
				479029F920EAB34A005D4F23 /* LaunchScreen.storyboard */,
				479029FC20EAB34A005D4F23 /* Info.plist */,
			);
			path = codeswague;
			sourceTree = "<group>";
		};
		47902A0220EAC5B1005D4F23 /*  Controller */ = {
			isa = PBXGroup;
			children = (
				479029F220EAB347005D4F23 /* CategoryVC.swift */,
				47902A1320EC360D005D4F23 /* ProductsVC.swift */,
			);
			path = " Controller";
			sourceTree = "<group>";
		};
		47902A0320EAC5CB005D4F23 /* Model */ = {
			isa = PBXGroup;
			children = (
				47902A0720EB9E47005D4F23 /* Category.swift */,
				47902A1120EC2C0F005D4F23 /* Product.swift */,
			);
			path = Model;
			sourceTree = "<group>";
		};
		47902A0420EAC5DE005D4F23 /* Views */ = {
			isa = PBXGroup;
			children = (
				47902A0520EAC6EE005D4F23 /* CategoriyCell.swift */,
				47902A0C20EC1511005D4F23 /* ProductsCell.swift */,
			);
			path = Views;
			sourceTree = "<group>";
		};
		47902A0920EBA679005D4F23 /* Services */ = {
			isa = PBXGroup;
			children = (
				47902A0A20EBA68B005D4F23 /* Dataservice.swift */,
			);
			path = Services;
			sourceTree = "<group>";
		};
/* End PBXGroup section */

/* Begin PBXNativeTarget section */
		479029EC20EAB347005D4F23 /* codeswague */ = {
			isa = PBXNativeTarget;
			buildConfigurationList = 479029FF20EAB34A005D4F23 /* Build configuration list for PBXNativeTarget "codeswague" */;
			buildPhases = (
				479029E920EAB347005D4F23 /* Sources */,
				479029EA20EAB347005D4F23 /* Frameworks */,
				479029EB20EAB347005D4F23 /* Resources */,
			);
			buildRules = (
			);
			dependencies = (
			);
			name = codeswague;
			productName = codeswague;
			productReference = 479029ED20EAB347005D4F23 /* codeswague.app */;
			productType = "com.apple.product-type.application";
		};
/* End PBXNativeTarget section */

/* Begin PBXProject section */
		479029E520EAB347005D4F23 /* Project object */ = {
			isa = PBXProject;
			attributes = {
				LastSwiftUpdateCheck = 0940;
				LastUpgradeCheck = 0940;
				ORGANIZATIONNAME = "Ghoul Mehdi";
				TargetAttributes = {
					479029EC20EAB347005D4F23 = {
						CreatedOnToolsVersion = 9.4.1;
					};
				};
			};
			buildConfigurationList = 479029E820EAB347005D4F23 /* Build configuration list for PBXProject "codeswague" */;
			compatibilityVersion = "Xcode 9.3";
			developmentRegion = en;
			hasScannedForEncodings = 0;
			knownRegions = (
				en,
				Base,
			);
			mainGroup = 479029E420EAB347005D4F23;
			productRefGroup = 479029EE20EAB347005D4F23 /* Products */;
			projectDirPath = "";
			projectRoot = "";
			targets = (
				479029EC20EAB347005D4F23 /* codeswague */,
			);
		};
/* End PBXProject section */

/* Begin PBXResourcesBuildPhase section */
		479029EB20EAB347005D4F23 /* Resources */ = {
			isa = PBXResourcesBuildPhase;
			buildActionMask = 2147483647;
			files = (
				479029FB20EAB34A005D4F23 /* LaunchScreen.storyboard in Resources */,
				479029F820EAB34A005D4F23 /* Assets.xcassets in Resources */,
				479029F620EAB347005D4F23 /* Main.storyboard in Resources */,
			);
			runOnlyForDeploymentPostprocessing = 0;
		};
/* End PBXResourcesBuildPhase section */

/* Begin PBXSourcesBuildPhase section */
		479029E920EAB347005D4F23 /* Sources */ = {
			isa = PBXSourcesBuildPhase;
			buildActionMask = 2147483647;
			files = (
				47902A1420EC360D005D4F23 /* ProductsVC.swift in Sources */,
				479029F320EAB347005D4F23 /* CategoryVC.swift in Sources */,
				47902A0820EB9E47005D4F23 /* Category.swift in Sources */,
				47902A0620EAC6EE005D4F23 /* CategoriyCell.swift in Sources */,
				47902A0D20EC1511005D4F23 /* ProductsCell.swift in Sources */,
				47902A0B20EBA68B005D4F23 /* Dataservice.swift in Sources */,
				479029F120EAB347005D4F23 /* AppDelegate.swift in Sources */,
				47902A1220EC2C0F005D4F23 /* Product.swift in Sources */,
			);
			runOnlyForDeploymentPostprocessing = 0;
		};
/* End PBXSourcesBuildPhase section */

/* Begin PBXVariantGroup section */
		479029F420EAB347005D4F23 /* Main.storyboard */ = {
			isa = PBXVariantGroup;
			children = (
				479029F520EAB347005D4F23 /* Base */,
			);
			name = Main.storyboard;
			sourceTree = "<group>";
		};
		479029F920EAB34A005D4F23 /* LaunchScreen.storyboard */ = {
			isa = PBXVariantGroup;
			children = (
				479029FA20EAB34A005D4F23 /* Base */,
			);
			name = LaunchScreen.storyboard;
			sourceTree = "<group>";
		};
/* End PBXVariantGroup section */

/* Begin XCBuildConfiguration section */
		479029FD20EAB34A005D4F23 /* Debug */ = {
			isa = XCBuildConfiguration;
			buildSettings = {
				ALWAYS_SEARCH_USER_PATHS = NO;
				CLANG_ANALYZER_NONNULL = YES;
				CLANG_ANALYZER_NUMBER_OBJECT_CONVERSION = YES_AGGRESSIVE;
				CLANG_CXX_LANGUAGE_STANDARD = "gnu++14";
				CLANG_CXX_LIBRARY = "libc++";
				CLANG_ENABLE_MODULES = YES;
				CLANG_ENABLE_OBJC_ARC = YES;
				CLANG_ENABLE_OBJC_WEAK = YES;
				CLANG_WARN_BLOCK_CAPTURE_AUTORELEASING = YES;
				CLANG_WARN_BOOL_CONVERSION = YES;
				CLANG_WARN_COMMA = YES;
				CLANG_WARN_CONSTANT_CONVERSION = YES;
				CLANG_WARN_DEPRECATED_OBJC_IMPLEMENTATIONS = YES;
				CLANG_WARN_DIRECT_OBJC_ISA_USAGE = YES_ERROR;
				CLANG_WARN_DOCUMENTATION_COMMENTS = YES;
				CLANG_WARN_EMPTY_BODY = YES;
				CLANG_WARN_ENUM_CONVERSION = YES;
				CLANG_WARN_INFINITE_RECURSION = YES;
				CLANG_WARN_INT_CONVERSION = YES;
				CLANG_WARN_NON_LITERAL_NULL_CONVERSION = YES;
				CLANG_WARN_OBJC_IMPLICIT_RETAIN_SELF = YES;
				CLANG_WARN_OBJC_LITERAL_CONVERSION = YES;
				CLANG_WARN_OBJC_ROOT_CLASS = YES_ERROR;
				CLANG_WARN_RANGE_LOOP_ANALYSIS = YES;
				CLANG_WARN_STRICT_PROTOTYPES = YES;
				CLANG_WARN_SUSPICIOUS_MOVE = YES;
				CLANG_WARN_UNGUARDED_AVAILABILITY = YES_AGGRESSIVE;
				CLANG_WARN_UNREACHABLE_CODE = YES;
				CLANG_WARN__DUPLICATE_METHOD_MATCH = YES;
				CODE_SIGN_IDENTITY = "iPhone Developer";
				COPY_PHASE_STRIP = NO;
				DEBUG_INFORMATION_FORMAT = dwarf;
				ENABLE_STRICT_OBJC_MSGSEND = YES;
				ENABLE_TESTABILITY = YES;
				GCC_C_LANGUAGE_STANDARD = gnu11;
				GCC_DYNAMIC_NO_PIC = NO;
				GCC_NO_COMMON_BLOCKS = YES;
				GCC_OPTIMIZATION_LEVEL = 0;
				GCC_PREPROCESSOR_DEFINITIONS = (
					"DEBUG=1",
					"$(inherited)",
				);
				GCC_WARN_64_TO_32_BIT_CONVERSION = YES;
				GCC_WARN_ABOUT_RETURN_TYPE = YES_ERROR;
				GCC_WARN_UNDECLARED_SELECTOR = YES;
				GCC_WARN_UNINITIALIZED_AUTOS = YES_AGGRESSIVE;
				GCC_WARN_UNUSED_FUNCTION = YES;
				GCC_WARN_UNUSED_VARIABLE = YES;
				IPHONEOS_DEPLOYMENT_TARGET = 11.4;
				MTL_ENABLE_DEBUG_INFO = YES;
				ONLY_ACTIVE_ARCH = YES;
				SDKROOT = iphoneos;
				SWIFT_ACTIVE_COMPILATION_CONDITIONS = DEBUG;
				SWIFT_OPTIMIZATION_LEVEL = "-Onone";
			};
			name = Debug;
		};
		479029FE20EAB34A005D4F23 /* Release */ = {
			isa = XCBuildConfiguration;
			buildSettings = {
				ALWAYS_SEARCH_USER_PATHS = NO;
				CLANG_ANALYZER_NONNULL = YES;
				CLANG_ANALYZER_NUMBER_OBJECT_CONVERSION = YES_AGGRESSIVE;
				CLANG_CXX_LANGUAGE_STANDARD = "gnu++14";
				CLANG_CXX_LIBRARY = "libc++";
				CLANG_ENABLE_MODULES = YES;
				CLANG_ENABLE_OBJC_ARC = YES;
				CLANG_ENABLE_OBJC_WEAK = YES;
				CLANG_WARN_BLOCK_CAPTURE_AUTORELEASING = YES;
				CLANG_WARN_BOOL_CONVERSION = YES;
				CLANG_WARN_COMMA = YES;
				CLANG_WARN_CONSTANT_CONVERSION = YES;
				CLANG_WARN_DEPRECATED_OBJC_IMPLEMENTATIONS = YES;
				CLANG_WARN_DIRECT_OBJC_ISA_USAGE = YES_ERROR;
				CLANG_WARN_DOCUMENTATION_COMMENTS = YES;
				CLANG_WARN_EMPTY_BODY = YES;
				CLANG_WARN_ENUM_CONVERSION = YES;
				CLANG_WARN_INFINITE_RECURSION = YES;
				CLANG_WARN_INT_CONVERSION = YES;
				CLANG_WARN_NON_LITERAL_NULL_CONVERSION = YES;
				CLANG_WARN_OBJC_IMPLICIT_RETAIN_SELF = YES;
				CLANG_WARN_OBJC_LITERAL_CONVERSION = YES;
				CLANG_WARN_OBJC_ROOT_CLASS = YES_ERROR;
				CLANG_WARN_RANGE_LOOP_ANALYSIS = YES;
				CLANG_WARN_STRICT_PROTOTYPES = YES;
				CLANG_WARN_SUSPICIOUS_MOVE = YES;
				CLANG_WARN_UNGUARDED_AVAILABILITY = YES_AGGRESSIVE;
				CLANG_WARN_UNREACHABLE_CODE = YES;
				CLANG_WARN__DUPLICATE_METHOD_MATCH = YES;
				CODE_SIGN_IDENTITY = "iPhone Developer";
				COPY_PHASE_STRIP = NO;
				DEBUG_INFORMATION_FORMAT = "dwarf-with-dsym";
				ENABLE_NS_ASSERTIONS = NO;
				ENABLE_STRICT_OBJC_MSGSEND = YES;
				GCC_C_LANGUAGE_STANDARD = gnu11;
				GCC_NO_COMMON_BLOCKS = YES;
				GCC_WARN_64_TO_32_BIT_CONVERSION = YES;
				GCC_WARN_ABOUT_RETURN_TYPE = YES_ERROR;
				GCC_WARN_UNDECLARED_SELECTOR = YES;
				GCC_WARN_UNINITIALIZED_AUTOS = YES_AGGRESSIVE;
				GCC_WARN_UNUSED_FUNCTION = YES;
				GCC_WARN_UNUSED_VARIABLE = YES;
				IPHONEOS_DEPLOYMENT_TARGET = 11.4;
				MTL_ENABLE_DEBUG_INFO = NO;
				SDKROOT = iphoneos;
				SWIFT_COMPILATION_MODE = wholemodule;
				SWIFT_OPTIMIZATION_LEVEL = "-O";
				VALIDATE_PRODUCT = YES;
			};
			name = Release;
		};
		47902A0020EAB34A005D4F23 /* Debug */ = {
			isa = XCBuildConfiguration;
			buildSettings = {
				ASSETCATALOG_COMPILER_APPICON_NAME = AppIcon;
				CODE_SIGN_STYLE = Automatic;
				INFOPLIST_FILE = codeswague/Info.plist;
				LD_RUNPATH_SEARCH_PATHS = (
					"$(inherited)",
					"@executable_path/Frameworks",
				);
				PRODUCT_BUNDLE_IDENTIFIER = lsc.codeswague;
				PRODUCT_NAME = "$(TARGET_NAME)";
				SWIFT_VERSION = 4.0;
				TARGETED_DEVICE_FAMILY = "1,2";
			};
			name = Debug;
		};
		47902A0120EAB34A005D4F23 /* Release */ = {
			isa = XCBuildConfiguration;
			buildSettings = {
				ASSETCATALOG_COMPILER_APPICON_NAME = AppIcon;
				CODE_SIGN_STYLE = Automatic;
				INFOPLIST_FILE = codeswague/Info.plist;
				LD_RUNPATH_SEARCH_PATHS = (
					"$(inherited)",
					"@executable_path/Frameworks",
				);
				PRODUCT_BUNDLE_IDENTIFIER = lsc.codeswague;
				PRODUCT_NAME = "$(TARGET_NAME)";
				SWIFT_VERSION = 4.0;
				TARGETED_DEVICE_FAMILY = "1,2";
			};
			name = Release;
		};
/* End XCBuildConfiguration section */

/* Begin XCConfigurationList section */
		479029E820EAB347005D4F23 /* Build configuration list for PBXProject "codeswague" */ = {
			isa = XCConfigurationList;
			buildConfigurations = (
				479029FD20EAB34A005D4F23 /* Debug */,
				479029FE20EAB34A005D4F23 /* Release */,
			);
			defaultConfigurationIsVisible = 0;
			defaultConfigurationName = Release;
		};
		479029FF20EAB34A005D4F23 /* Build configuration list for PBXNativeTarget "codeswague" */ = {
			isa = XCConfigurationList;
			buildConfigurations = (
				47902A0020EAB34A005D4F23 /* Debug */,
				47902A0120EAB34A005D4F23 /* Release */,
			);
			defaultConfigurationIsVisible = 0;
			defaultConfigurationName = Release;
		};
/* End XCConfigurationList section */
	};
	rootObject = 479029E520EAB347005D4F23 /* Project object */;
}
